{
  "requires": true,
  "lockfileVersion": 1,
  "dependencies": {
    "sweetalert2": {
      "version": "10.16.7",
      "resolved": "https://registry.npmjs.org/sweetalert2/-/sweetalert2-10.16.7.tgz",
      "integrity": "sha512-8w7UMU+joJro3r7CyyqLOK5Agc0/TI2OqC2T8odOOYRKbPvq2Bq9GF3HoQT2tFnjiqP5QEpVugayowoIl2ZlWw=="
    }
  }
}
